
Microsoft Visual Studio Solution File, Format Version 12.00
# Visual Studio Version 16
VisualStudioVersion = 16.0.29806.167
MinimumVisualStudioVersion = 10.0.40219.1
Project("{9A19103F-16F7-4668-BE54-9A1E7A4F7556}") = "StudentDB.App", "StudentDB.App\StudentDB.App.csproj", "{1F9F65A0-7720-4890-8DCF-88AFE91394F2}"
EndProject
Project("{9A19103F-16F7-4668-BE54-9A1E7A4F7556}") = "Student.App.Data", "Student.App.Data\Student.App.Data.csproj", "{CCC323FF-1E52-496A-A698-4E9D6AD379D3}"
EndProject
Global
	GlobalSection(SolutionConfigurationPlatforms) = preSolution
		Debug|Any CPU = Debug|Any CPU
		Release|Any CPU = Release|Any CPU
	EndGlobalSection
	GlobalSection(ProjectConfigurationPlatforms) = postSolution
		{1F9F65A0-7720-4890-8DCF-88AFE91394F2}.Debug|Any CPU.ActiveCfg = Debug|Any CPU
		{1F9F65A0-7720-4890-8DCF-88AFE91394F2}.Debug|Any CPU.Build.0 = Debug|Any CPU
		{1F9F65A0-7720-4890-8DCF-88AFE91394F2}.Release|Any CPU.ActiveCfg = Release|Any CPU
		{1F9F65A0-7720-4890-8DCF-88AFE91394F2}.Release|Any CPU.Build.0 = Release|Any CPU
		{CCC323FF-1E52-496A-A698-4E9D6AD379D3}.Debug|Any CPU.ActiveCfg = Debug|Any CPU
		{CCC323FF-1E52-496A-A698-4E9D6AD379D3}.Debug|Any CPU.Build.0 = Debug|Any CPU
		{CCC323FF-1E52-496A-A698-4E9D6AD379D3}.Release|Any CPU.ActiveCfg = Release|Any CPU
		{CCC323FF-1E52-496A-A698-4E9D6AD379D3}.Release|Any CPU.Build.0 = Release|Any CPU
	EndGlobalSection
	GlobalSection(SolutionProperties) = preSolution
		HideSolutionNode = FALSE
	EndGlobalSection
	GlobalSection(ExtensibilityGlobals) = postSolution
		SolutionGuid = {7ABEAB29-0516-4E24-992C-2A8843EB968B}
	EndGlobalSection
EndGlobal
